// !$*UTF8*$!
{
	archiveVersion = 1;
	classes = {
	};
	objectVersion = 46;
	objects = {

/* Begin PBXBuildFile section */
		4A177F1E16B9E04C001D8572 /* LoginController.m in Sources */ = {isa = PBXBuildFile; fileRef = 4A177F1D16B9E04C001D8572 /* LoginController.m */; };
		4A50937216C1329300F29497 /* DetalhePacienteController.m in Sources */ = {isa = PBXBuildFile; fileRef = 4A50937116C1329300F29497 /* DetalhePacienteController.m */; };
		4A50937616C1332600F29497 /* PacienteInternado.m in Sources */ = {isa = PBXBuildFile; fileRef = 4A50937516C1332600F29497 /* PacienteInternado.m */; };
		4A676BC816B80418004FDB62 /* PacienteTvc.xib in Resources */ = {isa = PBXBuildFile; fileRef = 4A676BC716B80418004FDB62 /* PacienteTvc.xib */; };
		4A676BCC16B8060C004FDB62 /* PacienteTvc.m in Sources */ = {isa = PBXBuildFile; fileRef = 4A676BCB16B8060C004FDB62 /* PacienteTvc.m */; };
		4A676BCF16B8066E004FDB62 /* PacientesInternadosViewController.m in Sources */ = {isa = PBXBuildFile; fileRef = 4A676BCE16B8066E004FDB62 /* PacientesInternadosViewController.m */; };
		4A81117916C41D24003CF0A7 /* IISideController.m in Sources */ = {isa = PBXBuildFile; fileRef = 4A81117416C41D24003CF0A7 /* IISideController.m */; };
		4A81117A16C41D24003CF0A7 /* IIViewDeckController.m in Sources */ = {isa = PBXBuildFile; fileRef = 4A81117616C41D24003CF0A7 /* IIViewDeckController.m */; };
		4A81117B16C41D24003CF0A7 /* IIWrapController.m in Sources */ = {isa = PBXBuildFile; fileRef = 4A81117816C41D24003CF0A7 /* IIWrapController.m */; };
		4A81117E16C41E4E003CF0A7 /* QuartzCore.framework in Frameworks */ = {isa = PBXBuildFile; fileRef = 4A81117D16C41E4E003CF0A7 /* QuartzCore.framework */; };
		4A81119816C428B5003CF0A7 /* ButtonMenu.png in Resources */ = {isa = PBXBuildFile; fileRef = 4A81119616C428B5003CF0A7 /* ButtonMenu.png */; };
		4A81119916C428B5003CF0A7 /* ButtonMenu@2x.png in Resources */ = {isa = PBXBuildFile; fileRef = 4A81119716C428B5003CF0A7 /* ButtonMenu@2x.png */; };
		4A81119C16C429E2003CF0A7 /* InitialViewController.m in Sources */ = {isa = PBXBuildFile; fileRef = 4A81119B16C429E2003CF0A7 /* InitialViewController.m */; };
		4A81119F16C4362D003CF0A7 /* LeftViewController.m in Sources */ = {isa = PBXBuildFile; fileRef = 4A81119E16C4362D003CF0A7 /* LeftViewController.m */; };
		4A8111A216C43DCA003CF0A7 /* NavBarIconLauncher.png in Resources */ = {isa = PBXBuildFile; fileRef = 4A8111A016C43DCA003CF0A7 /* NavBarIconLauncher.png */; };
		4A8111A316C43DCA003CF0A7 /* NavBarIconLauncher@2x.png in Resources */ = {isa = PBXBuildFile; fileRef = 4A8111A116C43DCA003CF0A7 /* NavBarIconLauncher@2x.png */; };
		4A8111A616C43DD9003CF0A7 /* FBBookmarkLogout.png in Resources */ = {isa = PBXBuildFile; fileRef = 4A8111A416C43DD9003CF0A7 /* FBBookmarkLogout.png */; };
		4A8111A716C43DD9003CF0A7 /* FBBookmarkLogout@2x.png in Resources */ = {isa = PBXBuildFile; fileRef = 4A8111A516C43DD9003CF0A7 /* FBBookmarkLogout@2x.png */; };
		4AAD209616C28D01003B2C75 /* URLUtil.m in Sources */ = {isa = PBXBuildFile; fileRef = 4AAD209516C28D01003B2C75 /* URLUtil.m */; };
		880AE56A16C58625006EF175 /* FBMenuBadgeBackground.png in Resources */ = {isa = PBXBuildFile; fileRef = 880AE56816C58625006EF175 /* FBMenuBadgeBackground.png */; };
		880AE56B16C58625006EF175 /* FBMenuBadgeBackground%402x.png in Resources */ = {isa = PBXBuildFile; fileRef = 880AE56916C58625006EF175 /* FBMenuBadgeBackground%402x.png */; };
		880AE57A16C5874B006EF175 /* FBMenuCellBackground.png in Resources */ = {isa = PBXBuildFile; fileRef = 880AE56C16C5874B006EF175 /* FBMenuCellBackground.png */; };
		880AE57B16C5874B006EF175 /* FBMenuCellBackground@2x.png in Resources */ = {isa = PBXBuildFile; fileRef = 880AE56D16C5874B006EF175 /* FBMenuCellBackground@2x.png */; };
		880AE57C16C5874B006EF175 /* FBMenuCellBackgroundSelected.png in Resources */ = {isa = PBXBuildFile; fileRef = 880AE56E16C5874B006EF175 /* FBMenuCellBackgroundSelected.png */; };
		880AE57D16C5874B006EF175 /* FBMenuCellBackgroundSelected@2x.png in Resources */ = {isa = PBXBuildFile; fileRef = 880AE56F16C5874B006EF175 /* FBMenuCellBackgroundSelected@2x.png */; };
		880AE57E16C5874B006EF175 /* FBMenuLeaveAppIcon.png in Resources */ = {isa = PBXBuildFile; fileRef = 880AE57016C5874B006EF175 /* FBMenuLeaveAppIcon.png */; };
		880AE57F16C5874B006EF175 /* FBMenuLeaveAppIcon@2x.png in Resources */ = {isa = PBXBuildFile; fileRef = 880AE57116C5874B006EF175 /* FBMenuLeaveAppIcon@2x.png */; };
		880AE58016C5874B006EF175 /* FBMenuProfileOverlay.png in Resources */ = {isa = PBXBuildFile; fileRef = 880AE57216C5874B006EF175 /* FBMenuProfileOverlay.png */; };
		880AE58116C5874B006EF175 /* FBMenuProfileOverlay@2x.png in Resources */ = {isa = PBXBuildFile; fileRef = 880AE57316C5874B006EF175 /* FBMenuProfileOverlay@2x.png */; };
		880AE58216C5874B006EF175 /* FBMenuSectionHeaderArrow.png in Resources */ = {isa = PBXBuildFile; fileRef = 880AE57416C5874B006EF175 /* FBMenuSectionHeaderArrow.png */; };
		880AE58316C5874B006EF175 /* FBMenuSectionHeaderArrow@2x.png in Resources */ = {isa = PBXBuildFile; fileRef = 880AE57516C5874B006EF175 /* FBMenuSectionHeaderArrow@2x.png */; };
		880AE58416C5874B006EF175 /* FBMenuSectionHeaderArrowSelected.png in Resources */ = {isa = PBXBuildFile; fileRef = 880AE57616C5874B006EF175 /* FBMenuSectionHeaderArrowSelected.png */; };
		880AE58516C5874B006EF175 /* FBMenuSectionHeaderArrowSelected@2x.png in Resources */ = {isa = PBXBuildFile; fileRef = 880AE57716C5874B006EF175 /* FBMenuSectionHeaderArrowSelected@2x.png */; };
		880AE58616C5874B006EF175 /* FBMenuSectionHeaderBackground.png in Resources */ = {isa = PBXBuildFile; fileRef = 880AE57816C5874B006EF175 /* FBMenuSectionHeaderBackground.png */; };
		880AE58716C5874B006EF175 /* FBMenuSectionHeaderBackground@2x.png in Resources */ = {isa = PBXBuildFile; fileRef = 880AE57916C5874B006EF175 /* FBMenuSectionHeaderBackground@2x.png */; };
		880AE58A16C58BF1006EF175 /* ItemFiltroPacientesInternados.m in Sources */ = {isa = PBXBuildFile; fileRef = 880AE58916C58BF1006EF175 /* ItemFiltroPacientesInternados.m */; };
		880AE58D16C58FC1006EF175 /* SecaoItemFiltroPacientesInternados.m in Sources */ = {isa = PBXBuildFile; fileRef = 880AE58C16C58FC1006EF175 /* SecaoItemFiltroPacientesInternados.m */; };
		882F054D16BBE67E00FDCD2A /* TextEditCell.xib in Resources */ = {isa = PBXBuildFile; fileRef = 882F054C16BBE67E00FDCD2A /* TextEditCell.xib */; };
		882F055016BBE72500FDCD2A /* TextEditCell.m in Sources */ = {isa = PBXBuildFile; fileRef = 882F054F16BBE72500FDCD2A /* TextEditCell.m */; };
		882F055716BC23DE00FDCD2A /* NSArray+Categories.m in Sources */ = {isa = PBXBuildFile; fileRef = 882F055616BC23DE00FDCD2A /* NSArray+Categories.m */; };
		8836A6EA16B2B74600067D59 /* AeCURLConnection.m in Sources */ = {isa = PBXBuildFile; fileRef = 8836A6E916B2B74600067D59 /* AeCURLConnection.m */; };
		88A6E86916BAA96F00A31E7E /* FiltroPacientesInternadosController.m in Sources */ = {isa = PBXBuildFile; fileRef = 88A6E86816BAA96F00A31E7E /* FiltroPacientesInternadosController.m */; };
		88A6E86D16BAABAA00A31E7E /* FiltroPacientesInterdados.m in Sources */ = {isa = PBXBuildFile; fileRef = 88A6E86C16BAABAA00A31E7E /* FiltroPacientesInterdados.m */; };
		8B3D783916B07008007D4CF0 /* ItemsViewController.m in Sources */ = {isa = PBXBuildFile; fileRef = 8B3D783816B07008007D4CF0 /* ItemsViewController.m */; };
		8BDE4C6A16B045CE002E7F4A /* UIKit.framework in Frameworks */ = {isa = PBXBuildFile; fileRef = 8BDE4C6916B045CE002E7F4A /* UIKit.framework */; };
		8BDE4C6C16B045CE002E7F4A /* Foundation.framework in Frameworks */ = {isa = PBXBuildFile; fileRef = 8BDE4C6B16B045CE002E7F4A /* Foundation.framework */; };
		8BDE4C6E16B045CE002E7F4A /* CoreGraphics.framework in Frameworks */ = {isa = PBXBuildFile; fileRef = 8BDE4C6D16B045CE002E7F4A /* CoreGraphics.framework */; };
		8BDE4C7416B045CE002E7F4A /* InfoPlist.strings in Resources */ = {isa = PBXBuildFile; fileRef = 8BDE4C7216B045CE002E7F4A /* InfoPlist.strings */; };
		8BDE4C7616B045CE002E7F4A /* main.m in Sources */ = {isa = PBXBuildFile; fileRef = 8BDE4C7516B045CE002E7F4A /* main.m */; };
		8BDE4C7A16B045CE002E7F4A /* AppDelegate.m in Sources */ = {isa = PBXBuildFile; fileRef = 8BDE4C7916B045CE002E7F4A /* AppDelegate.m */; };
		8BDE4C7C16B045CE002E7F4A /* Default.png in Resources */ = {isa = PBXBuildFile; fileRef = 8BDE4C7B16B045CE002E7F4A /* Default.png */; };
		8BDE4C7E16B045CE002E7F4A /* Default@2x.png in Resources */ = {isa = PBXBuildFile; fileRef = 8BDE4C7D16B045CE002E7F4A /* Default@2x.png */; };
		8BDE4C8016B045CE002E7F4A /* Default-568h@2x.png in Resources */ = {isa = PBXBuildFile; fileRef = 8BDE4C7F16B045CE002E7F4A /* Default-568h@2x.png */; };
		8BDE4C8316B045CE002E7F4A /* MainStoryboard_iPhone.storyboard in Resources */ = {isa = PBXBuildFile; fileRef = 8BDE4C8116B045CE002E7F4A /* MainStoryboard_iPhone.storyboard */; };
		8BDE4C8616B045CE002E7F4A /* MainStoryboard_iPad.storyboard in Resources */ = {isa = PBXBuildFile; fileRef = 8BDE4C8416B045CE002E7F4A /* MainStoryboard_iPad.storyboard */; };
		8BDE4C9116B045CE002E7F4A /* SenTestingKit.framework in Frameworks */ = {isa = PBXBuildFile; fileRef = 8BDE4C9016B045CE002E7F4A /* SenTestingKit.framework */; };
		8BDE4C9216B045CE002E7F4A /* UIKit.framework in Frameworks */ = {isa = PBXBuildFile; fileRef = 8BDE4C6916B045CE002E7F4A /* UIKit.framework */; };
		8BDE4C9316B045CE002E7F4A /* Foundation.framework in Frameworks */ = {isa = PBXBuildFile; fileRef = 8BDE4C6B16B045CE002E7F4A /* Foundation.framework */; };
		8BDE4C9B16B045CE002E7F4A /* InfoPlist.strings in Resources */ = {isa = PBXBuildFile; fileRef = 8BDE4C9916B045CE002E7F4A /* InfoPlist.strings */; };
		8BDE4C9E16B045CE002E7F4A /* HospitaleTests.m in Sources */ = {isa = PBXBuildFile; fileRef = 8BDE4C9D16B045CE002E7F4A /* HospitaleTests.m */; };
/* End PBXBuildFile section */

/* Begin PBXContainerItemProxy section */
		8BDE4C9416B045CE002E7F4A /* PBXContainerItemProxy */ = {
			isa = PBXContainerItemProxy;
			containerPortal = 8BDE4C5C16B045CE002E7F4A /* Project object */;
			proxyType = 1;
			remoteGlobalIDString = 8BDE4C6416B045CE002E7F4A;
			remoteInfo = Hospitale;
		};
/* End PBXContainerItemProxy section */

/* Begin PBXFileReference section */
		4A177F1C16B9E04C001D8572 /* LoginController.h */ = {isa = PBXFileReference; fileEncoding = 4; lastKnownFileType = sourcecode.c.h; path = LoginController.h; sourceTree = "<group>"; };
		4A177F1D16B9E04C001D8572 /* LoginController.m */ = {isa = PBXFileReference; fileEncoding = 4; lastKnownFileType = sourcecode.c.objc; path = LoginController.m; sourceTree = "<group>"; };
		4A50937016C1329300F29497 /* DetalhePacienteController.h */ = {isa = PBXFileReference; fileEncoding = 4; lastKnownFileType = sourcecode.c.h; path = DetalhePacienteController.h; sourceTree = "<group>"; };
		4A50937116C1329300F29497 /* DetalhePacienteController.m */ = {isa = PBXFileReference; fileEncoding = 4; lastKnownFileType = sourcecode.c.objc; path = DetalhePacienteController.m; sourceTree = "<group>"; };
		4A50937416C1332600F29497 /* PacienteInternado.h */ = {isa = PBXFileReference; fileEncoding = 4; lastKnownFileType = sourcecode.c.h; path = PacienteInternado.h; sourceTree = "<group>"; };
		4A50937516C1332600F29497 /* PacienteInternado.m */ = {isa = PBXFileReference; fileEncoding = 4; lastKnownFileType = sourcecode.c.objc; path = PacienteInternado.m; sourceTree = "<group>"; };
		4A676BC716B80418004FDB62 /* PacienteTvc.xib */ = {isa = PBXFileReference; fileEncoding = 4; lastKnownFileType = file.xib; path = PacienteTvc.xib; sourceTree = "<group>"; };
		4A676BCA16B8060C004FDB62 /* PacienteTvc.h */ = {isa = PBXFileReference; fileEncoding = 4; lastKnownFileType = sourcecode.c.h; path = PacienteTvc.h; sourceTree = "<group>"; };
		4A676BCB16B8060C004FDB62 /* PacienteTvc.m */ = {isa = PBXFileReference; fileEncoding = 4; lastKnownFileType = sourcecode.c.objc; path = PacienteTvc.m; sourceTree = "<group>"; };
		4A676BCD16B8066E004FDB62 /* PacientesInternadosViewController.h */ = {isa = PBXFileReference; fileEncoding = 4; lastKnownFileType = sourcecode.c.h; path = PacientesInternadosViewController.h; sourceTree = "<group>"; };
		4A676BCE16B8066E004FDB62 /* PacientesInternadosViewController.m */ = {isa = PBXFileReference; fileEncoding = 4; lastKnownFileType = sourcecode.c.objc; path = PacientesInternadosViewController.m; sourceTree = "<group>"; };
		4A81117316C41D24003CF0A7 /* IISideController.h */ = {isa = PBXFileReference; fileEncoding = 4; lastKnownFileType = sourcecode.c.h; path = IISideController.h; sourceTree = "<group>"; };
		4A81117416C41D24003CF0A7 /* IISideController.m */ = {isa = PBXFileReference; fileEncoding = 4; lastKnownFileType = sourcecode.c.objc; path = IISideController.m; sourceTree = "<group>"; };
		4A81117516C41D24003CF0A7 /* IIViewDeckController.h */ = {isa = PBXFileReference; fileEncoding = 4; lastKnownFileType = sourcecode.c.h; path = IIViewDeckController.h; sourceTree = "<group>"; };
		4A81117616C41D24003CF0A7 /* IIViewDeckController.m */ = {isa = PBXFileReference; fileEncoding = 4; lastKnownFileType = sourcecode.c.objc; path = IIViewDeckController.m; sourceTree = "<group>"; };
		4A81117716C41D24003CF0A7 /* IIWrapController.h */ = {isa = PBXFileReference; fileEncoding = 4; lastKnownFileType = sourcecode.c.h; path = IIWrapController.h; sourceTree = "<group>"; };
		4A81117816C41D24003CF0A7 /* IIWrapController.m */ = {isa = PBXFileReference; fileEncoding = 4; lastKnownFileType = sourcecode.c.objc; path = IIWrapController.m; sourceTree = "<group>"; };
		4A81117D16C41E4E003CF0A7 /* QuartzCore.framework */ = {isa = PBXFileReference; lastKnownFileType = wrapper.framework; name = QuartzCore.framework; path = System/Library/Frameworks/QuartzCore.framework; sourceTree = SDKROOT; };
		4A81119616C428B5003CF0A7 /* ButtonMenu.png */ = {isa = PBXFileReference; lastKnownFileType = image.png; path = ButtonMenu.png; sourceTree = "<group>"; };
		4A81119716C428B5003CF0A7 /* ButtonMenu@2x.png */ = {isa = PBXFileReference; lastKnownFileType = image.png; path = "ButtonMenu@2x.png"; sourceTree = "<group>"; };
		4A81119A16C429E2003CF0A7 /* InitialViewController.h */ = {isa = PBXFileReference; fileEncoding = 4; lastKnownFileType = sourcecode.c.h; path = InitialViewController.h; sourceTree = "<group>"; };
		4A81119B16C429E2003CF0A7 /* InitialViewController.m */ = {isa = PBXFileReference; fileEncoding = 4; lastKnownFileType = sourcecode.c.objc; path = InitialViewController.m; sourceTree = "<group>"; };
		4A81119D16C4362D003CF0A7 /* LeftViewController.h */ = {isa = PBXFileReference; fileEncoding = 4; lastKnownFileType = sourcecode.c.h; path = LeftViewController.h; sourceTree = "<group>"; };
		4A81119E16C4362D003CF0A7 /* LeftViewController.m */ = {isa = PBXFileReference; fileEncoding = 4; lastKnownFileType = sourcecode.c.objc; path = LeftViewController.m; sourceTree = "<group>"; };
		4A8111A016C43DCA003CF0A7 /* NavBarIconLauncher.png */ = {isa = PBXFileReference; lastKnownFileType = image.png; path = NavBarIconLauncher.png; sourceTree = "<group>"; };
		4A8111A116C43DCA003CF0A7 /* NavBarIconLauncher@2x.png */ = {isa = PBXFileReference; lastKnownFileType = image.png; path = "NavBarIconLauncher@2x.png"; sourceTree = "<group>"; };
		4A8111A416C43DD9003CF0A7 /* FBBookmarkLogout.png */ = {isa = PBXFileReference; lastKnownFileType = image.png; path = FBBookmarkLogout.png; sourceTree = "<group>"; };
		4A8111A516C43DD9003CF0A7 /* FBBookmarkLogout@2x.png */ = {isa = PBXFileReference; lastKnownFileType = image.png; path = "FBBookmarkLogout@2x.png"; sourceTree = "<group>"; };
		4AAD209416C28D01003B2C75 /* URLUtil.h */ = {isa = PBXFileReference; fileEncoding = 4; lastKnownFileType = sourcecode.c.h; path = URLUtil.h; sourceTree = "<group>"; };
		4AAD209516C28D01003B2C75 /* URLUtil.m */ = {isa = PBXFileReference; fileEncoding = 4; lastKnownFileType = sourcecode.c.objc; path = URLUtil.m; sourceTree = "<group>"; };
		880AE56816C58625006EF175 /* FBMenuBadgeBackground.png */ = {isa = PBXFileReference; lastKnownFileType = image.png; path = FBMenuBadgeBackground.png; sourceTree = "<group>"; };
		880AE56916C58625006EF175 /* FBMenuBadgeBackground%402x.png */ = {isa = PBXFileReference; lastKnownFileType = image.png; path = "FBMenuBadgeBackground%402x.png"; sourceTree = "<group>"; };
		880AE56C16C5874B006EF175 /* FBMenuCellBackground.png */ = {isa = PBXFileReference; lastKnownFileType = image.png; path = FBMenuCellBackground.png; sourceTree = "<group>"; };
		880AE56D16C5874B006EF175 /* FBMenuCellBackground@2x.png */ = {isa = PBXFileReference; lastKnownFileType = image.png; path = "FBMenuCellBackground@2x.png"; sourceTree = "<group>"; };
		880AE56E16C5874B006EF175 /* FBMenuCellBackgroundSelected.png */ = {isa = PBXFileReference; lastKnownFileType = image.png; path = FBMenuCellBackgroundSelected.png; sourceTree = "<group>"; };
		880AE56F16C5874B006EF175 /* FBMenuCellBackgroundSelected@2x.png */ = {isa = PBXFileReference; lastKnownFileType = image.png; path = "FBMenuCellBackgroundSelected@2x.png"; sourceTree = "<group>"; };
		880AE57016C5874B006EF175 /* FBMenuLeaveAppIcon.png */ = {isa = PBXFileReference; lastKnownFileType = image.png; path = FBMenuLeaveAppIcon.png; sourceTree = "<group>"; };
		880AE57116C5874B006EF175 /* FBMenuLeaveAppIcon@2x.png */ = {isa = PBXFileReference; lastKnownFileType = image.png; path = "FBMenuLeaveAppIcon@2x.png"; sourceTree = "<group>"; };
		880AE57216C5874B006EF175 /* FBMenuProfileOverlay.png */ = {isa = PBXFileReference; lastKnownFileType = image.png; path = FBMenuProfileOverlay.png; sourceTree = "<group>"; };
		880AE57316C5874B006EF175 /* FBMenuProfileOverlay@2x.png */ = {isa = PBXFileReference; lastKnownFileType = image.png; path = "FBMenuProfileOverlay@2x.png"; sourceTree = "<group>"; };
		880AE57416C5874B006EF175 /* FBMenuSectionHeaderArrow.png */ = {isa = PBXFileReference; lastKnownFileType = image.png; path = FBMenuSectionHeaderArrow.png; sourceTree = "<group>"; };
		880AE57516C5874B006EF175 /* FBMenuSectionHeaderArrow@2x.png */ = {isa = PBXFileReference; lastKnownFileType = image.png; path = "FBMenuSectionHeaderArrow@2x.png"; sourceTree = "<group>"; };
		880AE57616C5874B006EF175 /* FBMenuSectionHeaderArrowSelected.png */ = {isa = PBXFileReference; lastKnownFileType = image.png; path = FBMenuSectionHeaderArrowSelected.png; sourceTree = "<group>"; };
		880AE57716C5874B006EF175 /* FBMenuSectionHeaderArrowSelected@2x.png */ = {isa = PBXFileReference; lastKnownFileType = image.png; path = "FBMenuSectionHeaderArrowSelected@2x.png"; sourceTree = "<group>"; };
		880AE57816C5874B006EF175 /* FBMenuSectionHeaderBackground.png */ = {isa = PBXFileReference; lastKnownFileType = image.png; path = FBMenuSectionHeaderBackground.png; sourceTree = "<group>"; };
		880AE57916C5874B006EF175 /* FBMenuSectionHeaderBackground@2x.png */ = {isa = PBXFileReference; lastKnownFileType = image.png; path = "FBMenuSectionHeaderBackground@2x.png"; sourceTree = "<group>"; };
		880AE58816C58BF1006EF175 /* ItemFiltroPacientesInternados.h */ = {isa = PBXFileReference; fileEncoding = 4; lastKnownFileType = sourcecode.c.h; path = ItemFiltroPacientesInternados.h; sourceTree = "<group>"; };
		880AE58916C58BF1006EF175 /* ItemFiltroPacientesInternados.m */ = {isa = PBXFileReference; fileEncoding = 4; lastKnownFileType = sourcecode.c.objc; path = ItemFiltroPacientesInternados.m; sourceTree = "<group>"; };
		880AE58B16C58FC1006EF175 /* SecaoItemFiltroPacientesInternados.h */ = {isa = PBXFileReference; fileEncoding = 4; lastKnownFileType = sourcecode.c.h; path = SecaoItemFiltroPacientesInternados.h; sourceTree = "<group>"; };
		880AE58C16C58FC1006EF175 /* SecaoItemFiltroPacientesInternados.m */ = {isa = PBXFileReference; fileEncoding = 4; lastKnownFileType = sourcecode.c.objc; path = SecaoItemFiltroPacientesInternados.m; sourceTree = "<group>"; };
		882F054C16BBE67E00FDCD2A /* TextEditCell.xib */ = {isa = PBXFileReference; fileEncoding = 4; lastKnownFileType = file.xib; path = TextEditCell.xib; sourceTree = "<group>"; };
		882F054E16BBE72500FDCD2A /* TextEditCell.h */ = {isa = PBXFileReference; fileEncoding = 4; lastKnownFileType = sourcecode.c.h; path = TextEditCell.h; sourceTree = "<group>"; };
		882F054F16BBE72500FDCD2A /* TextEditCell.m */ = {isa = PBXFileReference; fileEncoding = 4; lastKnownFileType = sourcecode.c.objc; path = TextEditCell.m; sourceTree = "<group>"; };
		882F055516BC23DE00FDCD2A /* NSArray+Categories.h */ = {isa = PBXFileReference; fileEncoding = 4; lastKnownFileType = sourcecode.c.h; path = "NSArray+Categories.h"; sourceTree = "<group>"; };
		882F055616BC23DE00FDCD2A /* NSArray+Categories.m */ = {isa = PBXFileReference; fileEncoding = 4; lastKnownFileType = sourcecode.c.objc; path = "NSArray+Categories.m"; sourceTree = "<group>"; };
		8836A6E816B2B74600067D59 /* AeCURLConnection.h */ = {isa = PBXFileReference; fileEncoding = 4; lastKnownFileType = sourcecode.c.h; path = AeCURLConnection.h; sourceTree = "<group>"; };
		8836A6E916B2B74600067D59 /* AeCURLConnection.m */ = {isa = PBXFileReference; fileEncoding = 4; lastKnownFileType = sourcecode.c.objc; path = AeCURLConnection.m; sourceTree = "<group>"; };
		88A6E86716BAA96F00A31E7E /* FiltroPacientesInternadosController.h */ = {isa = PBXFileReference; fileEncoding = 4; lastKnownFileType = sourcecode.c.h; path = FiltroPacientesInternadosController.h; sourceTree = "<group>"; };
		88A6E86816BAA96F00A31E7E /* FiltroPacientesInternadosController.m */ = {isa = PBXFileReference; fileEncoding = 4; lastKnownFileType = sourcecode.c.objc; path = FiltroPacientesInternadosController.m; sourceTree = "<group>"; };
		88A6E86B16BAABAA00A31E7E /* FiltroPacientesInterdados.h */ = {isa = PBXFileReference; fileEncoding = 4; lastKnownFileType = sourcecode.c.h; path = FiltroPacientesInterdados.h; sourceTree = "<group>"; };
		88A6E86C16BAABAA00A31E7E /* FiltroPacientesInterdados.m */ = {isa = PBXFileReference; fileEncoding = 4; lastKnownFileType = sourcecode.c.objc; path = FiltroPacientesInterdados.m; sourceTree = "<group>"; };
		8B3D783716B07008007D4CF0 /* ItemsViewController.h */ = {isa = PBXFileReference; fileEncoding = 4; lastKnownFileType = sourcecode.c.h; path = ItemsViewController.h; sourceTree = "<group>"; };
		8B3D783816B07008007D4CF0 /* ItemsViewController.m */ = {isa = PBXFileReference; fileEncoding = 4; lastKnownFileType = sourcecode.c.objc; path = ItemsViewController.m; sourceTree = "<group>"; };
		8BDE4C6516B045CE002E7F4A /* Hospitale.app */ = {isa = PBXFileReference; explicitFileType = wrapper.application; includeInIndex = 0; path = Hospitale.app; sourceTree = BUILT_PRODUCTS_DIR; };
		8BDE4C6916B045CE002E7F4A /* UIKit.framework */ = {isa = PBXFileReference; lastKnownFileType = wrapper.framework; name = UIKit.framework; path = System/Library/Frameworks/UIKit.framework; sourceTree = SDKROOT; };
		8BDE4C6B16B045CE002E7F4A /* Foundation.framework */ = {isa = PBXFileReference; lastKnownFileType = wrapper.framework; name = Foundation.framework; path = System/Library/Frameworks/Foundation.framework; sourceTree = SDKROOT; };
		8BDE4C6D16B045CE002E7F4A /* CoreGraphics.framework */ = {isa = PBXFileReference; lastKnownFileType = wrapper.framework; name = CoreGraphics.framework; path = System/Library/Frameworks/CoreGraphics.framework; sourceTree = SDKROOT; };
		8BDE4C7116B045CE002E7F4A /* Hospitale-Info.plist */ = {isa = PBXFileReference; lastKnownFileType = text.plist.xml; path = "Hospitale-Info.plist"; sourceTree = "<group>"; };
		8BDE4C7316B045CE002E7F4A /* en */ = {isa = PBXFileReference; lastKnownFileType = text.plist.strings; name = en; path = en.lproj/InfoPlist.strings; sourceTree = "<group>"; };
		8BDE4C7516B045CE002E7F4A /* main.m */ = {isa = PBXFileReference; lastKnownFileType = sourcecode.c.objc; path = main.m; sourceTree = "<group>"; };
		8BDE4C7716B045CE002E7F4A /* Hospitale-Prefix.pch */ = {isa = PBXFileReference; lastKnownFileType = sourcecode.c.h; path = "Hospitale-Prefix.pch"; sourceTree = "<group>"; };
		8BDE4C7816B045CE002E7F4A /* AppDelegate.h */ = {isa = PBXFileReference; lastKnownFileType = sourcecode.c.h; path = AppDelegate.h; sourceTree = "<group>"; };
		8BDE4C7916B045CE002E7F4A /* AppDelegate.m */ = {isa = PBXFileReference; lastKnownFileType = sourcecode.c.objc; path = AppDelegate.m; sourceTree = "<group>"; };
		8BDE4C7B16B045CE002E7F4A /* Default.png */ = {isa = PBXFileReference; lastKnownFileType = image.png; path = Default.png; sourceTree = "<group>"; };
		8BDE4C7D16B045CE002E7F4A /* Default@2x.png */ = {isa = PBXFileReference; lastKnownFileType = image.png; path = "Default@2x.png"; sourceTree = "<group>"; };
		8BDE4C7F16B045CE002E7F4A /* Default-568h@2x.png */ = {isa = PBXFileReference; lastKnownFileType = image.png; path = "Default-568h@2x.png"; sourceTree = "<group>"; };
		8BDE4C8216B045CE002E7F4A /* en */ = {isa = PBXFileReference; lastKnownFileType = file.storyboard; name = en; path = en.lproj/MainStoryboard_iPhone.storyboard; sourceTree = "<group>"; };
		8BDE4C8516B045CE002E7F4A /* en */ = {isa = PBXFileReference; lastKnownFileType = file.storyboard; name = en; path = en.lproj/MainStoryboard_iPad.storyboard; sourceTree = "<group>"; };
		8BDE4C8F16B045CE002E7F4A /* HospitaleTests.octest */ = {isa = PBXFileReference; explicitFileType = wrapper.cfbundle; includeInIndex = 0; path = HospitaleTests.octest; sourceTree = BUILT_PRODUCTS_DIR; };
		8BDE4C9016B045CE002E7F4A /* SenTestingKit.framework */ = {isa = PBXFileReference; lastKnownFileType = wrapper.framework; name = SenTestingKit.framework; path = Library/Frameworks/SenTestingKit.framework; sourceTree = DEVELOPER_DIR; };
		8BDE4C9816B045CE002E7F4A /* HospitaleTests-Info.plist */ = {isa = PBXFileReference; lastKnownFileType = text.plist.xml; path = "HospitaleTests-Info.plist"; sourceTree = "<group>"; };
		8BDE4C9A16B045CE002E7F4A /* en */ = {isa = PBXFileReference; lastKnownFileType = text.plist.strings; name = en; path = en.lproj/InfoPlist.strings; sourceTree = "<group>"; };
		8BDE4C9C16B045CE002E7F4A /* HospitaleTests.h */ = {isa = PBXFileReference; lastKnownFileType = sourcecode.c.h; path = HospitaleTests.h; sourceTree = "<group>"; };
		8BDE4C9D16B045CE002E7F4A /* HospitaleTests.m */ = {isa = PBXFileReference; lastKnownFileType = sourcecode.c.objc; path = HospitaleTests.m; sourceTree = "<group>"; };
/* End PBXFileReference section */

/* Begin PBXFrameworksBuildPhase section */
		8BDE4C6216B045CE002E7F4A /* Frameworks */ = {
			isa = PBXFrameworksBuildPhase;
			buildActionMask = 2147483647;
			files = (
				4A81117E16C41E4E003CF0A7 /* QuartzCore.framework in Frameworks */,
				8BDE4C6A16B045CE002E7F4A /* UIKit.framework in Frameworks */,
				8BDE4C6C16B045CE002E7F4A /* Foundation.framework in Frameworks */,
				8BDE4C6E16B045CE002E7F4A /* CoreGraphics.framework in Frameworks */,
			);
			runOnlyForDeploymentPostprocessing = 0;
		};
		8BDE4C8B16B045CE002E7F4A /* Frameworks */ = {
			isa = PBXFrameworksBuildPhase;
			buildActionMask = 2147483647;
			files = (
				8BDE4C9116B045CE002E7F4A /* SenTestingKit.framework in Frameworks */,
				8BDE4C9216B045CE002E7F4A /* UIKit.framework in Frameworks */,
				8BDE4C9316B045CE002E7F4A /* Foundation.framework in Frameworks */,
			);
			runOnlyForDeploymentPostprocessing = 0;
		};
/* End PBXFrameworksBuildPhase section */

/* Begin PBXGroup section */
		4A07530316BA021700D8DFB7 /* Bootstrap */ = {
			isa = PBXGroup;
			children = (
				8BDE4C7816B045CE002E7F4A /* AppDelegate.h */,
				8BDE4C7916B045CE002E7F4A /* AppDelegate.m */,
			);
			name = Bootstrap;
			sourceTree = "<group>";
		};
		4A07530416BA026000D8DFB7 /* CustomControls */ = {
			isa = PBXGroup;
			children = (
				4A676BC716B80418004FDB62 /* PacienteTvc.xib */,
				4A676BCA16B8060C004FDB62 /* PacienteTvc.h */,
				4A676BCB16B8060C004FDB62 /* PacienteTvc.m */,
				882F054C16BBE67E00FDCD2A /* TextEditCell.xib */,
				882F054E16BBE72500FDCD2A /* TextEditCell.h */,
				882F054F16BBE72500FDCD2A /* TextEditCell.m */,
			);
			name = CustomControls;
			sourceTree = "<group>";
		};
		4A07530516BA02A100D8DFB7 /* Util */ = {
			isa = PBXGroup;
			children = (
				8836A6E816B2B74600067D59 /* AeCURLConnection.h */,
				8836A6E916B2B74600067D59 /* AeCURLConnection.m */,
				4AAD209416C28D01003B2C75 /* URLUtil.h */,
				4AAD209516C28D01003B2C75 /* URLUtil.m */,
			);
			name = Util;
			sourceTree = "<group>";
		};
		4A177F1A16B9E02C001D8572 /* Controllers */ = {
			isa = PBXGroup;
			children = (
				8B3D783716B07008007D4CF0 /* ItemsViewController.h */,
				8B3D783816B07008007D4CF0 /* ItemsViewController.m */,
				4A676BCD16B8066E004FDB62 /* PacientesInternadosViewController.h */,
				4A676BCE16B8066E004FDB62 /* PacientesInternadosViewController.m */,
				4A177F1C16B9E04C001D8572 /* LoginController.h */,
				4A177F1D16B9E04C001D8572 /* LoginController.m */,
				88A6E86716BAA96F00A31E7E /* FiltroPacientesInternadosController.h */,
				88A6E86816BAA96F00A31E7E /* FiltroPacientesInternadosController.m */,
				4A50937016C1329300F29497 /* DetalhePacienteController.h */,
				4A50937116C1329300F29497 /* DetalhePacienteController.m */,
				4A81119A16C429E2003CF0A7 /* InitialViewController.h */,
				4A81119B16C429E2003CF0A7 /* InitialViewController.m */,
				4A81119D16C4362D003CF0A7 /* LeftViewController.h */,
				4A81119E16C4362D003CF0A7 /* LeftViewController.m */,
			);
			name = Controllers;
			sourceTree = "<group>";
		};
		4A81117016C41D01003CF0A7 /* Vendor */ = {
			isa = PBXGroup;
			children = (
				4A81117216C41D24003CF0A7 /* ViewDeck */,
			);
			name = Vendor;
			sourceTree = "<group>";
		};
		4A81117216C41D24003CF0A7 /* ViewDeck */ = {
			isa = PBXGroup;
			children = (
				4A81117316C41D24003CF0A7 /* IISideController.h */,
				4A81117416C41D24003CF0A7 /* IISideController.m */,
				4A81117516C41D24003CF0A7 /* IIViewDeckController.h */,
				4A81117616C41D24003CF0A7 /* IIViewDeckController.m */,
				4A81117716C41D24003CF0A7 /* IIWrapController.h */,
				4A81117816C41D24003CF0A7 /* IIWrapController.m */,
			);
			path = ViewDeck;
			sourceTree = "<group>";
		};
		882F055116BC233E00FDCD2A /* Categories */ = {
			isa = PBXGroup;
			children = (
				882F055516BC23DE00FDCD2A /* NSArray+Categories.h */,
				882F055616BC23DE00FDCD2A /* NSArray+Categories.m */,
			);
			name = Categories;
			sourceTree = "<group>";
		};
		88A6E86A16BAAB8000A31E7E /* Model */ = {
			isa = PBXGroup;
			children = (
				88A6E86B16BAABAA00A31E7E /* FiltroPacientesInterdados.h */,
				88A6E86C16BAABAA00A31E7E /* FiltroPacientesInterdados.m */,
				4A50937416C1332600F29497 /* PacienteInternado.h */,
				4A50937516C1332600F29497 /* PacienteInternado.m */,
				880AE58816C58BF1006EF175 /* ItemFiltroPacientesInternados.h */,
				880AE58916C58BF1006EF175 /* ItemFiltroPacientesInternados.m */,
				880AE58B16C58FC1006EF175 /* SecaoItemFiltroPacientesInternados.h */,
				880AE58C16C58FC1006EF175 /* SecaoItemFiltroPacientesInternados.m */,
			);
			name = Model;
			sourceTree = "<group>";
		};
		8BDE4C5A16B045CE002E7F4A = {
			isa = PBXGroup;
			children = (
				8BDE4C6F16B045CE002E7F4A /* Hospitale */,
				8BDE4C9616B045CE002E7F4A /* HospitaleTests */,
				8BDE4C6816B045CE002E7F4A /* Frameworks */,
				8BDE4C6616B045CE002E7F4A /* Products */,
			);
			sourceTree = "<group>";
		};
		8BDE4C6616B045CE002E7F4A /* Products */ = {
			isa = PBXGroup;
			children = (
				8BDE4C6516B045CE002E7F4A /* Hospitale.app */,
				8BDE4C8F16B045CE002E7F4A /* HospitaleTests.octest */,
			);
			name = Products;
			sourceTree = "<group>";
		};
		8BDE4C6816B045CE002E7F4A /* Frameworks */ = {
			isa = PBXGroup;
			children = (
				4A81117D16C41E4E003CF0A7 /* QuartzCore.framework */,
				8BDE4C6916B045CE002E7F4A /* UIKit.framework */,
				8BDE4C6B16B045CE002E7F4A /* Foundation.framework */,
				8BDE4C6D16B045CE002E7F4A /* CoreGraphics.framework */,
				8BDE4C9016B045CE002E7F4A /* SenTestingKit.framework */,
			);
			name = Frameworks;
			sourceTree = "<group>";
		};
		8BDE4C6F16B045CE002E7F4A /* Hospitale */ = {
			isa = PBXGroup;
			children = (
				4A81117016C41D01003CF0A7 /* Vendor */,
				882F055116BC233E00FDCD2A /* Categories */,
				88A6E86A16BAAB8000A31E7E /* Model */,
				4A07530516BA02A100D8DFB7 /* Util */,
				4A07530416BA026000D8DFB7 /* CustomControls */,
				4A07530316BA021700D8DFB7 /* Bootstrap */,
				4A177F1A16B9E02C001D8572 /* Controllers */,
				8BDE4C8116B045CE002E7F4A /* MainStoryboard_iPhone.storyboard */,
				8BDE4C8416B045CE002E7F4A /* MainStoryboard_iPad.storyboard */,
				8BDE4C7016B045CE002E7F4A /* Supporting Files */,
			);
			path = Hospitale;
			sourceTree = "<group>";
		};
		8BDE4C7016B045CE002E7F4A /* Supporting Files */ = {
			isa = PBXGroup;
			children = (
				880AE56C16C5874B006EF175 /* FBMenuCellBackground.png */,
				880AE56D16C5874B006EF175 /* FBMenuCellBackground@2x.png */,
				880AE56E16C5874B006EF175 /* FBMenuCellBackgroundSelected.png */,
				880AE56F16C5874B006EF175 /* FBMenuCellBackgroundSelected@2x.png */,
				880AE57016C5874B006EF175 /* FBMenuLeaveAppIcon.png */,
				880AE57116C5874B006EF175 /* FBMenuLeaveAppIcon@2x.png */,
				880AE57216C5874B006EF175 /* FBMenuProfileOverlay.png */,
				880AE57316C5874B006EF175 /* FBMenuProfileOverlay@2x.png */,
				880AE57416C5874B006EF175 /* FBMenuSectionHeaderArrow.png */,
				880AE57516C5874B006EF175 /* FBMenuSectionHeaderArrow@2x.png */,
				880AE57616C5874B006EF175 /* FBMenuSectionHeaderArrowSelected.png */,
				880AE57716C5874B006EF175 /* FBMenuSectionHeaderArrowSelected@2x.png */,
				880AE57816C5874B006EF175 /* FBMenuSectionHeaderBackground.png */,
				880AE57916C5874B006EF175 /* FBMenuSectionHeaderBackground@2x.png */,
				880AE56816C58625006EF175 /* FBMenuBadgeBackground.png */,
				880AE56916C58625006EF175 /* FBMenuBadgeBackground%402x.png */,
				4A8111A416C43DD9003CF0A7 /* FBBookmarkLogout.png */,
				4A8111A516C43DD9003CF0A7 /* FBBookmarkLogout@2x.png */,
				4A8111A016C43DCA003CF0A7 /* NavBarIconLauncher.png */,
				4A8111A116C43DCA003CF0A7 /* NavBarIconLauncher@2x.png */,
				4A81119616C428B5003CF0A7 /* ButtonMenu.png */,
				4A81119716C428B5003CF0A7 /* ButtonMenu@2x.png */,
				8BDE4C7116B045CE002E7F4A /* Hospitale-Info.plist */,
				8BDE4C7216B045CE002E7F4A /* InfoPlist.strings */,
				8BDE4C7516B045CE002E7F4A /* main.m */,
				8BDE4C7716B045CE002E7F4A /* Hospitale-Prefix.pch */,
				8BDE4C7B16B045CE002E7F4A /* Default.png */,
				8BDE4C7D16B045CE002E7F4A /* Default@2x.png */,
				8BDE4C7F16B045CE002E7F4A /* Default-568h@2x.png */,
			);
			name = "Supporting Files";
			sourceTree = "<group>";
		};
		8BDE4C9616B045CE002E7F4A /* HospitaleTests */ = {
			isa = PBXGroup;
			children = (
				8BDE4C9C16B045CE002E7F4A /* HospitaleTests.h */,
				8BDE4C9D16B045CE002E7F4A /* HospitaleTests.m */,
				8BDE4C9716B045CE002E7F4A /* Supporting Files */,
			);
			path = HospitaleTests;
			sourceTree = "<group>";
		};
		8BDE4C9716B045CE002E7F4A /* Supporting Files */ = {
			isa = PBXGroup;
			children = (
				8BDE4C9816B045CE002E7F4A /* HospitaleTests-Info.plist */,
				8BDE4C9916B045CE002E7F4A /* InfoPlist.strings */,
			);
			name = "Supporting Files";
			sourceTree = "<group>";
		};
/* End PBXGroup section */

/* Begin PBXNativeTarget section */
		8BDE4C6416B045CE002E7F4A /* Hospitale */ = {
			isa = PBXNativeTarget;
			buildConfigurationList = 8BDE4CA116B045CE002E7F4A /* Build configuration list for PBXNativeTarget "Hospitale" */;
			buildPhases = (
				8BDE4C6116B045CE002E7F4A /* Sources */,
				8BDE4C6216B045CE002E7F4A /* Frameworks */,
				8BDE4C6316B045CE002E7F4A /* Resources */,
			);
			buildRules = (
			);
			dependencies = (
			);
			name = Hospitale;
			productName = Hospitale;
			productReference = 8BDE4C6516B045CE002E7F4A /* Hospitale.app */;
			productType = "com.apple.product-type.application";
		};
		8BDE4C8E16B045CE002E7F4A /* HospitaleTests */ = {
			isa = PBXNativeTarget;
			buildConfigurationList = 8BDE4CA416B045CE002E7F4A /* Build configuration list for PBXNativeTarget "HospitaleTests" */;
			buildPhases = (
				8BDE4C8A16B045CE002E7F4A /* Sources */,
				8BDE4C8B16B045CE002E7F4A /* Frameworks */,
				8BDE4C8C16B045CE002E7F4A /* Resources */,
				8BDE4C8D16B045CE002E7F4A /* ShellScript */,
			);
			buildRules = (
			);
			dependencies = (
				8BDE4C9516B045CE002E7F4A /* PBXTargetDependency */,
			);
			name = HospitaleTests;
			productName = HospitaleTests;
			productReference = 8BDE4C8F16B045CE002E7F4A /* HospitaleTests.octest */;
			productType = "com.apple.product-type.bundle";
		};
/* End PBXNativeTarget section */

/* Begin PBXProject section */
		8BDE4C5C16B045CE002E7F4A /* Project object */ = {
			isa = PBXProject;
			attributes = {
				LastUpgradeCheck = 0450;
				ORGANIZATIONNAME = AeC;
			};
			buildConfigurationList = 8BDE4C5F16B045CE002E7F4A /* Build configuration list for PBXProject "Hospitale" */;
			compatibilityVersion = "Xcode 3.2";
			developmentRegion = English;
			hasScannedForEncodings = 0;
			knownRegions = (
				en,
			);
			mainGroup = 8BDE4C5A16B045CE002E7F4A;
			productRefGroup = 8BDE4C6616B045CE002E7F4A /* Products */;
			projectDirPath = "";
			projectRoot = "";
			targets = (
				8BDE4C6416B045CE002E7F4A /* Hospitale */,
				8BDE4C8E16B045CE002E7F4A /* HospitaleTests */,
			);
		};
/* End PBXProject section */

/* Begin PBXResourcesBuildPhase section */
		8BDE4C6316B045CE002E7F4A /* Resources */ = {
			isa = PBXResourcesBuildPhase;
			buildActionMask = 2147483647;
			files = (
				8BDE4C7416B045CE002E7F4A /* InfoPlist.strings in Resources */,
				8BDE4C7C16B045CE002E7F4A /* Default.png in Resources */,
				8BDE4C7E16B045CE002E7F4A /* Default@2x.png in Resources */,
				8BDE4C8016B045CE002E7F4A /* Default-568h@2x.png in Resources */,
				8BDE4C8316B045CE002E7F4A /* MainStoryboard_iPhone.storyboard in Resources */,
				8BDE4C8616B045CE002E7F4A /* MainStoryboard_iPad.storyboard in Resources */,
				4A676BC816B80418004FDB62 /* PacienteTvc.xib in Resources */,
				882F054D16BBE67E00FDCD2A /* TextEditCell.xib in Resources */,
				4A81119816C428B5003CF0A7 /* ButtonMenu.png in Resources */,
				4A81119916C428B5003CF0A7 /* ButtonMenu@2x.png in Resources */,
				4A8111A216C43DCA003CF0A7 /* NavBarIconLauncher.png in Resources */,
				4A8111A316C43DCA003CF0A7 /* NavBarIconLauncher@2x.png in Resources */,
				4A8111A616C43DD9003CF0A7 /* FBBookmarkLogout.png in Resources */,
				4A8111A716C43DD9003CF0A7 /* FBBookmarkLogout@2x.png in Resources */,
				880AE56A16C58625006EF175 /* FBMenuBadgeBackground.png in Resources */,
				880AE56B16C58625006EF175 /* FBMenuBadgeBackground%402x.png in Resources */,
				880AE57A16C5874B006EF175 /* FBMenuCellBackground.png in Resources */,
				880AE57B16C5874B006EF175 /* FBMenuCellBackground@2x.png in Resources */,
				880AE57C16C5874B006EF175 /* FBMenuCellBackgroundSelected.png in Resources */,
				880AE57D16C5874B006EF175 /* FBMenuCellBackgroundSelected@2x.png in Resources */,
				880AE57E16C5874B006EF175 /* FBMenuLeaveAppIcon.png in Resources */,
				880AE57F16C5874B006EF175 /* FBMenuLeaveAppIcon@2x.png in Resources */,
				880AE58016C5874B006EF175 /* FBMenuProfileOverlay.png in Resources */,
				880AE58116C5874B006EF175 /* FBMenuProfileOverlay@2x.png in Resources */,
				880AE58216C5874B006EF175 /* FBMenuSectionHeaderArrow.png in Resources */,
				880AE58316C5874B006EF175 /* FBMenuSectionHeaderArrow@2x.png in Resources */,
				880AE58416C5874B006EF175 /* FBMenuSectionHeaderArrowSelected.png in Resources */,
				880AE58516C5874B006EF175 /* FBMenuSectionHeaderArrowSelected@2x.png in Resources */,
				880AE58616C5874B006EF175 /* FBMenuSectionHeaderBackground.png in Resources */,
				880AE58716C5874B006EF175 /* FBMenuSectionHeaderBackground@2x.png in Resources */,
			);
			runOnlyForDeploymentPostprocessing = 0;
		};
		8BDE4C8C16B045CE002E7F4A /* Resources */ = {
			isa = PBXResourcesBuildPhase;
			buildActionMask = 2147483647;
			files = (
				8BDE4C9B16B045CE002E7F4A /* InfoPlist.strings in Resources */,
			);
			runOnlyForDeploymentPostprocessing = 0;
		};
/* End PBXResourcesBuildPhase section */

/* Begin PBXShellScriptBuildPhase section */
		8BDE4C8D16B045CE002E7F4A /* ShellScript */ = {
			isa = PBXShellScriptBuildPhase;
			buildActionMask = 2147483647;
			files = (
			);
			inputPaths = (
			);
			outputPaths = (
			);
			runOnlyForDeploymentPostprocessing = 0;
			shellPath = /bin/sh;
			shellScript = "# Run the unit tests in this test bundle.\n\"${SYSTEM_DEVELOPER_DIR}/Tools/RunUnitTests\"\n";
		};
/* End PBXShellScriptBuildPhase section */

/* Begin PBXSourcesBuildPhase section */
		8BDE4C6116B045CE002E7F4A /* Sources */ = {
			isa = PBXSourcesBuildPhase;
			buildActionMask = 2147483647;
			files = (
				8BDE4C7616B045CE002E7F4A /* main.m in Sources */,
				8BDE4C7A16B045CE002E7F4A /* AppDelegate.m in Sources */,
				8B3D783916B07008007D4CF0 /* ItemsViewController.m in Sources */,
				8836A6EA16B2B74600067D59 /* AeCURLConnection.m in Sources */,
				4A676BCC16B8060C004FDB62 /* PacienteTvc.m in Sources */,
				4A676BCF16B8066E004FDB62 /* PacientesInternadosViewController.m in Sources */,
				4A177F1E16B9E04C001D8572 /* LoginController.m in Sources */,
				88A6E86916BAA96F00A31E7E /* FiltroPacientesInternadosController.m in Sources */,
				88A6E86D16BAABAA00A31E7E /* FiltroPacientesInterdados.m in Sources */,
				882F055016BBE72500FDCD2A /* TextEditCell.m in Sources */,
				882F055716BC23DE00FDCD2A /* NSArray+Categories.m in Sources */,
				4A50937216C1329300F29497 /* DetalhePacienteController.m in Sources */,
				4A50937616C1332600F29497 /* PacienteInternado.m in Sources */,
				4AAD209616C28D01003B2C75 /* URLUtil.m in Sources */,
				4A81117916C41D24003CF0A7 /* IISideController.m in Sources */,
				4A81117A16C41D24003CF0A7 /* IIViewDeckController.m in Sources */,
				4A81117B16C41D24003CF0A7 /* IIWrapController.m in Sources */,
				4A81119C16C429E2003CF0A7 /* InitialViewController.m in Sources */,
				4A81119F16C4362D003CF0A7 /* LeftViewController.m in Sources */,
				880AE58A16C58BF1006EF175 /* ItemFiltroPacientesInternados.m in Sources */,
				880AE58D16C58FC1006EF175 /* SecaoItemFiltroPacientesInternados.m in Sources */,
			);
			runOnlyForDeploymentPostprocessing = 0;
		};
		8BDE4C8A16B045CE002E7F4A /* Sources */ = {
			isa = PBXSourcesBuildPhase;
			buildActionMask = 2147483647;
			files = (
				8BDE4C9E16B045CE002E7F4A /* HospitaleTests.m in Sources */,
			);
			runOnlyForDeploymentPostprocessing = 0;
		};
/* End PBXSourcesBuildPhase section */

/* Begin PBXTargetDependency section */
		8BDE4C9516B045CE002E7F4A /* PBXTargetDependency */ = {
			isa = PBXTargetDependency;
			target = 8BDE4C6416B045CE002E7F4A /* Hospitale */;
			targetProxy = 8BDE4C9416B045CE002E7F4A /* PBXContainerItemProxy */;
		};
/* End PBXTargetDependency section */

/* Begin PBXVariantGroup section */
		8BDE4C7216B045CE002E7F4A /* InfoPlist.strings */ = {
			isa = PBXVariantGroup;
			children = (
				8BDE4C7316B045CE002E7F4A /* en */,
			);
			name = InfoPlist.strings;
			sourceTree = "<group>";
		};
		8BDE4C8116B045CE002E7F4A /* MainStoryboard_iPhone.storyboard */ = {
			isa = PBXVariantGroup;
			children = (
				8BDE4C8216B045CE002E7F4A /* en */,
			);
			name = MainStoryboard_iPhone.storyboard;
			sourceTree = "<group>";
		};
		8BDE4C8416B045CE002E7F4A /* MainStoryboard_iPad.storyboard */ = {
			isa = PBXVariantGroup;
			children = (
				8BDE4C8516B045CE002E7F4A /* en */,
			);
			name = MainStoryboard_iPad.storyboard;
			sourceTree = "<group>";
		};
		8BDE4C9916B045CE002E7F4A /* InfoPlist.strings */ = {
			isa = PBXVariantGroup;
			children = (
				8BDE4C9A16B045CE002E7F4A /* en */,
			);
			name = InfoPlist.strings;
			sourceTree = "<group>";
		};
/* End PBXVariantGroup section */

/* Begin XCBuildConfiguration section */
		8BDE4C9F16B045CE002E7F4A /* Debug */ = {
			isa = XCBuildConfiguration;
			buildSettings = {
				ALWAYS_SEARCH_USER_PATHS = NO;
				CLANG_CXX_LANGUAGE_STANDARD = "gnu++0x";
				CLANG_CXX_LIBRARY = "libc++";
				CLANG_ENABLE_OBJC_ARC = YES;
				CLANG_WARN_EMPTY_BODY = YES;
				CLANG_WARN__DUPLICATE_METHOD_MATCH = YES;
				"CODE_SIGN_IDENTITY[sdk=iphoneos*]" = "iPhone Developer";
				COPY_PHASE_STRIP = NO;
				GCC_C_LANGUAGE_STANDARD = gnu99;
				GCC_DYNAMIC_NO_PIC = NO;
				GCC_OPTIMIZATION_LEVEL = 0;
				GCC_PREPROCESSOR_DEFINITIONS = (
					"DEBUG=1",
					"$(inherited)",
				);
				GCC_SYMBOLS_PRIVATE_EXTERN = NO;
				GCC_WARN_ABOUT_RETURN_TYPE = YES;
				GCC_WARN_UNINITIALIZED_AUTOS = YES;
				GCC_WARN_UNUSED_VARIABLE = YES;
				IPHONEOS_DEPLOYMENT_TARGET = 6.0;
				ONLY_ACTIVE_ARCH = YES;
				SDKROOT = iphoneos;
				TARGETED_DEVICE_FAMILY = "1,2";
			};
			name = Debug;
		};
		8BDE4CA016B045CE002E7F4A /* Release */ = {
			isa = XCBuildConfiguration;
			buildSettings = {
				ALWAYS_SEARCH_USER_PATHS = NO;
				CLANG_CXX_LANGUAGE_STANDARD = "gnu++0x";
				CLANG_CXX_LIBRARY = "libc++";
				CLANG_ENABLE_OBJC_ARC = YES;
				CLANG_WARN_EMPTY_BODY = YES;
				CLANG_WARN__DUPLICATE_METHOD_MATCH = YES;
				"CODE_SIGN_IDENTITY[sdk=iphoneos*]" = "iPhone Developer";
				COPY_PHASE_STRIP = YES;
				GCC_C_LANGUAGE_STANDARD = gnu99;
				GCC_WARN_ABOUT_RETURN_TYPE = YES;
				GCC_WARN_UNINITIALIZED_AUTOS = YES;
				GCC_WARN_UNUSED_VARIABLE = YES;
				IPHONEOS_DEPLOYMENT_TARGET = 6.0;
				OTHER_CFLAGS = "-DNS_BLOCK_ASSERTIONS=1";
				SDKROOT = iphoneos;
				TARGETED_DEVICE_FAMILY = "1,2";
				VALIDATE_PRODUCT = YES;
			};
			name = Release;
		};
		8BDE4CA216B045CE002E7F4A /* Debug */ = {
			isa = XCBuildConfiguration;
			buildSettings = {
				GCC_PRECOMPILE_PREFIX_HEADER = YES;
				GCC_PREFIX_HEADER = "Hospitale/Hospitale-Prefix.pch";
				INFOPLIST_FILE = "Hospitale/Hospitale-Info.plist";
				PRODUCT_NAME = "$(TARGET_NAME)";
				WRAPPER_EXTENSION = app;
			};
			name = Debug;
		};
		8BDE4CA316B045CE002E7F4A /* Release */ = {
			isa = XCBuildConfiguration;
			buildSettings = {
				GCC_PRECOMPILE_PREFIX_HEADER = YES;
				GCC_PREFIX_HEADER = "Hospitale/Hospitale-Prefix.pch";
				INFOPLIST_FILE = "Hospitale/Hospitale-Info.plist";
				PRODUCT_NAME = "$(TARGET_NAME)";
				WRAPPER_EXTENSION = app;
			};
			name = Release;
		};
		8BDE4CA516B045CE002E7F4A /* Debug */ = {
			isa = XCBuildConfiguration;
			buildSettings = {
				BUNDLE_LOADER = "$(BUILT_PRODUCTS_DIR)/Hospitale.app/Hospitale";
				FRAMEWORK_SEARCH_PATHS = (
					"\"$(SDKROOT)/Developer/Library/Frameworks\"",
					"\"$(DEVELOPER_LIBRARY_DIR)/Frameworks\"",
				);
				GCC_PRECOMPILE_PREFIX_HEADER = YES;
				GCC_PREFIX_HEADER = "Hospitale/Hospitale-Prefix.pch";
				INFOPLIST_FILE = "HospitaleTests/HospitaleTests-Info.plist";
				PRODUCT_NAME = "$(TARGET_NAME)";
				TEST_HOST = "$(BUNDLE_LOADER)";
				WRAPPER_EXTENSION = octest;
			};
			name = Debug;
		};
		8BDE4CA616B045CE002E7F4A /* Release */ = {
			isa = XCBuildConfiguration;
			buildSettings = {
				BUNDLE_LOADER = "$(BUILT_PRODUCTS_DIR)/Hospitale.app/Hospitale";
				FRAMEWORK_SEARCH_PATHS = (
					"\"$(SDKROOT)/Developer/Library/Frameworks\"",
					"\"$(DEVELOPER_LIBRARY_DIR)/Frameworks\"",
				);
				GCC_PRECOMPILE_PREFIX_HEADER = YES;
				GCC_PREFIX_HEADER = "Hospitale/Hospitale-Prefix.pch";
				INFOPLIST_FILE = "HospitaleTests/HospitaleTests-Info.plist";
				PRODUCT_NAME = "$(TARGET_NAME)";
				TEST_HOST = "$(BUNDLE_LOADER)";
				WRAPPER_EXTENSION = octest;
			};
			name = Release;
		};
/* End XCBuildConfiguration section */

/* Begin XCConfigurationList section */
		8BDE4C5F16B045CE002E7F4A /* Build configuration list for PBXProject "Hospitale" */ = {
			isa = XCConfigurationList;
			buildConfigurations = (
				8BDE4C9F16B045CE002E7F4A /* Debug */,
				8BDE4CA016B045CE002E7F4A /* Release */,
			);
			defaultConfigurationIsVisible = 0;
			defaultConfigurationName = Release;
		};
		8BDE4CA116B045CE002E7F4A /* Build configuration list for PBXNativeTarget "Hospitale" */ = {
			isa = XCConfigurationList;
			buildConfigurations = (
				8BDE4CA216B045CE002E7F4A /* Debug */,
				8BDE4CA316B045CE002E7F4A /* Release */,
			);
			defaultConfigurationIsVisible = 0;
			defaultConfigurationName = Release;
		};
		8BDE4CA416B045CE002E7F4A /* Build configuration list for PBXNativeTarget "HospitaleTests" */ = {
			isa = XCConfigurationList;
			buildConfigurations = (
				8BDE4CA516B045CE002E7F4A /* Debug */,
				8BDE4CA616B045CE002E7F4A /* Release */,
			);
			defaultConfigurationIsVisible = 0;
			defaultConfigurationName = Release;
		};
/* End XCConfigurationList section */
	};
	rootObject = 8BDE4C5C16B045CE002E7F4A /* Project object */;
}
